// !$*UTF8*$!
{
	archiveVersion = 1;
	classes = {
	};
	objectVersion = 77;
	objects = {

/* Begin PBXContainerItemProxy section */
		8D0C24962EEADADF0090F7C4 /* PBXContainerItemProxy */ = {
			isa = PBXContainerItemProxy;
			containerPortal = 8D0C24802EEADADE0090F7C4 /* Project object */;
			proxyType = 1;
			remoteGlobalIDString = 8D0C24872EEADADE0090F7C4;
			remoteInfo = Tamteen;
		};
		8D0C24A02EEADADF0090F7C4 /* PBXContainerItemProxy */ = {
			isa = PBXContainerItemProxy;
			containerPortal = 8D0C24802EEADADE0090F7C4 /* Project object */;
			proxyType = 1;
			remoteGlobalIDString = 8D0C24872EEADADE0090F7C4;
			remoteInfo = Tamteen;
		};
/* End PBXContainerItemProxy section */

/* Begin PBXFileReference section */
		8D0C24882EEADADE0090F7C4 /* Tamteen.app */ = {isa = PBXFileReference; explicitFileType = wrapper.application; includeInIndex = 0; path = Tamteen.app; sourceTree = BUILT_PRODUCTS_DIR; };
		8D0C24952EEADADF0090F7C4 /* TamteenTests.xctest */ = {isa = PBXFileReference; explicitFileType = wrapper.cfbundle; includeInIndex = 0; path = TamteenTests.xctest; sourceTree = BUILT_PRODUCTS_DIR; };
		8D0C249F2EEADADF0090F7C4 /* TamteenUITests.xctest */ = {isa = PBXFileReference; explicitFileType = wrapper.cfbundle; includeInIndex = 0; path = TamteenUITests.xctest; sourceTree = BUILT_PRODUCTS_DIR; };
/* End PBXFileReference section */

/* Begin PBXFileSystemSynchronizedRootGroup section */
		8D0C248A2EEADADE0090F7C4 /* Tamteen */ = {
			isa = PBXFileSystemSynchronizedRootGroup;
			path = Tamteen;
			sourceTree = "<group>";
		};
		8D0C24982EEADADF0090F7C4 /* TamteenTests */ = {
			isa = PBXFileSystemSynchronizedRootGroup;
			path = TamteenTests;
			sourceTree = "<group>";
		};
		8D0C24A22EEADADF0090F7C4 /* TamteenUITests */ = {
			isa = PBXFileSystemSynchronizedRootGroup;
			path = TamteenUITests;
			sourceTree = "<group>";
		};
/* End PBXFileSystemSynchronizedRootGroup section */

/* Begin PBXFrameworksBuildPhase section */
		8D0C24852EEADADE0090F7C4 /* Frameworks */ = {
			isa = PBXFrameworksBuildPhase;
			buildActionMask = 2147483647;
			files = (
			);
			runOnlyForDeploymentPostprocessing = 0;
		};
		8D0C24922EEADADF0090F7C4 /* Frameworks */ = {
			isa = PBXFrameworksBuildPhase;
			buildActionMask = 2147483647;
			files = (
			);
			runOnlyForDeploymentPostprocessing = 0;
		};
		8D0C249C2EEADADF0090F7C4 /* Frameworks */ = {
			isa = PBXFrameworksBuildPhase;
			buildActionMask = 2147483647;
			files = (
			);
			runOnlyForDeploymentPostprocessing = 0;
		};
/* End PBXFrameworksBuildPhase section */

/* Begin PBXGroup section */
		8D0C247F2EEADADE0090F7C4 = {
			isa = PBXGroup;
			children = (
				8D0C248A2EEADADE0090F7C4 /* Tamteen */,
				8D0C24982EEADADF0090F7C4 /* TamteenTests */,
				8D0C24A22EEADADF0090F7C4 /* TamteenUITests */,
				8D0C24892EEADADE0090F7C4 /* Products */,
			);
			sourceTree = "<group>";
		};
		8D0C24892EEADADE0090F7C4 /* Products */ = {
			isa = PBXGroup;
			children = (
				8D0C24882EEADADE0090F7C4 /* Tamteen.app */,
				8D0C24952EEADADF0090F7C4 /* TamteenTests.xctest */,
				8D0C249F2EEADADF0090F7C4 /* TamteenUITests.xctest */,
			);
			name = Products;
			sourceTree = "<group>";
		};
/* End PBXGroup section */

/* Begin PBXNativeTarget section */
		8D0C24872EEADADE0090F7C4 /* Tamteen */ = {
			isa = PBXNativeTarget;
			buildConfigurationList = 8D0C24A92EEADADF0090F7C4 /* Build configuration list for PBXNativeTarget "Tamteen" */;
			buildPhases = (
				8D0C24842EEADADE0090F7C4 /* Sources */,
				8D0C24852EEADADE0090F7C4 /* Frameworks */,
				8D0C24862EEADADE0090F7C4 /* Resources */,
			);
			buildRules = (
			);
			dependencies = (
			);
			fileSystemSynchronizedGroups = (
				8D0C248A2EEADADE0090F7C4 /* Tamteen */,
			);
			name = Tamteen;
			packageProductDependencies = (
			);
			productName = Tamteen;
			productReference = 8D0C24882EEADADE0090F7C4 /* Tamteen.app */;
			productType = "com.apple.product-type.application";
		};
		8D0C24942EEADADF0090F7C4 /* TamteenTests */ = {
			isa = PBXNativeTarget;
			buildConfigurationList = 8D0C24AC2EEADADF0090F7C4 /* Build configuration list for PBXNativeTarget "TamteenTests" */;
			buildPhases = (
				8D0C24912EEADADF0090F7C4 /* Sources */,
				8D0C24922EEADADF0090F7C4 /* Frameworks */,
				8D0C24932EEADADF0090F7C4 /* Resources */,
			);
			buildRules = (
			);
			dependencies = (
				8D0C24972EEADADF0090F7C4 /* PBXTargetDependency */,
			);
			fileSystemSynchronizedGroups = (
				8D0C24982EEADADF0090F7C4 /* TamteenTests */,
			);
			name = TamteenTests;
			packageProductDependencies = (
			);
			productName = TamteenTests;
			productReference = 8D0C24952EEADADF0090F7C4 /* TamteenTests.xctest */;
			productType = "com.apple.product-type.bundle.unit-test";
		};
		8D0C249E2EEADADF0090F7C4 /* TamteenUITests */ = {
			isa = PBXNativeTarget;
			buildConfigurationList = 8D0C24AF2EEADADF0090F7C4 /* Build configuration list for PBXNativeTarget "TamteenUITests" */;
			buildPhases = (
				8D0C249B2EEADADF0090F7C4 /* Sources */,
				8D0C249C2EEADADF0090F7C4 /* Frameworks */,
				8D0C249D2EEADADF0090F7C4 /* Resources */,
			);
			buildRules = (
			);
			dependencies = (
				8D0C24A12EEADADF0090F7C4 /* PBXTargetDependency */,
			);
			fileSystemSynchronizedGroups = (
				8D0C24A22EEADADF0090F7C4 /* TamteenUITests */,
			);
			name = TamteenUITests;
			packageProductDependencies = (
			);
			productName = TamteenUITests;
			productReference = 8D0C249F2EEADADF0090F7C4 /* TamteenUITests.xctest */;
			productType = "com.apple.product-type.bundle.ui-testing";
		};
/* End PBXNativeTarget section */

/* Begin PBXProject section */
		8D0C24802EEADADE0090F7C4 /* Project object */ = {
			isa = PBXProject;
			attributes = {
				BuildIndependentTargetsInParallel = 1;
				LastSwiftUpdateCheck = 1640;
				LastUpgradeCheck = 1640;
				TargetAttributes = {
					8D0C24872EEADADE0090F7C4 = {
						CreatedOnToolsVersion = 16.4;
					};
					8D0C24942EEADADF0090F7C4 = {
						CreatedOnToolsVersion = 16.4;
						TestTargetID = 8D0C24872EEADADE0090F7C4;
					};
					8D0C249E2EEADADF0090F7C4 = {
						CreatedOnToolsVersion = 16.4;
						TestTargetID = 8D0C24872EEADADE0090F7C4;
					};
				};
			};
			buildConfigurationList = 8D0C24832EEADADE0090F7C4 /* Build configuration list for PBXProject "Tamteen" */;
			developmentRegion = en;
			hasScannedForEncodings = 0;
			knownRegions = (
				en,
				Base,
			);
			mainGroup = 8D0C247F2EEADADE0090F7C4;
			minimizedProjectReferenceProxies = 1;
			preferredProjectObjectVersion = 77;
			productRefGroup = 8D0C24892EEADADE0090F7C4 /* Products */;
			projectDirPath = "";
			projectRoot = "";
			targets = (
				8D0C24872EEADADE0090F7C4 /* Tamteen */,
				8D0C24942EEADADF0090F7C4 /* TamteenTests */,
				8D0C249E2EEADADF0090F7C4 /* TamteenUITests */,
			);
		};
/* End PBXProject section */

/* Begin PBXResourcesBuildPhase section */
		8D0C24862EEADADE0090F7C4 /* Resources */ = {
			isa = PBXResourcesBuildPhase;
			buildActionMask = 2147483647;
			files = (
			);
			runOnlyForDeploymentPostprocessing = 0;
		};
		8D0C24932EEADADF0090F7C4 /* Resources */ = {
			isa = PBXResourcesBuildPhase;
			buildActionMask = 2147483647;
			files = (
			);
			runOnlyForDeploymentPostprocessing = 0;
		};
		8D0C249D2EEADADF0090F7C4 /* Resources */ = {
			isa = PBXResourcesBuildPhase;
			buildActionMask = 2147483647;
			files = (
			);
			runOnlyForDeploymentPostprocessing = 0;
		};
/* End PBXResourcesBuildPhase section */

/* Begin PBXSourcesBuildPhase section */
		8D0C24842EEADADE0090F7C4 /* Sources */ = {
			isa = PBXSourcesBuildPhase;
			buildActionMask = 2147483647;
			files = (
			);
			runOnlyForDeploymentPostprocessing = 0;
		};
		8D0C24912EEADADF0090F7C4 /* Sources */ = {
			isa = PBXSourcesBuildPhase;
			buildActionMask = 2147483647;
			files = (
			);
			runOnlyForDeploymentPostprocessing = 0;
		};
		8D0C249B2EEADADF0090F7C4 /* Sources */ = {
			isa = PBXSourcesBuildPhase;
			buildActionMask = 2147483647;
			files = (
			);
			runOnlyForDeploymentPostprocessing = 0;
		};
/* End PBXSourcesBuildPhase section */

/* Begin PBXTargetDependency section */
		8D0C24972EEADADF0090F7C4 /* PBXTargetDependency */ = {
			isa = PBXTargetDependency;
			target = 8D0C24872EEADADE0090F7C4 /* Tamteen */;
			targetProxy = 8D0C24962EEADADF0090F7C4 /* PBXContainerItemProxy */;
		};
		8D0C24A12EEADADF0090F7C4 /* PBXTargetDependency */ = {
			isa = PBXTargetDependency;
			target = 8D0C24872EEADADE0090F7C4 /* Tamteen */;
			targetProxy = 8D0C24A02EEADADF0090F7C4 /* PBXContainerItemProxy */;
		};
/* End PBXTargetDependency section */

/* Begin XCBuildConfiguration section */
		8D0C24A72EEADADF0090F7C4 /* Debug */ = {
			isa = XCBuildConfiguration;
			buildSettings = {
				ALWAYS_SEARCH_USER_PATHS = NO;
				ASSETCATALOG_COMPILER_GENERATE_SWIFT_ASSET_SYMBOL_EXTENSIONS = YES;
				CLANG_ANALYZER_NONNULL = YES;
				CLANG_ANALYZER_NUMBER_OBJECT_CONVERSION = YES_AGGRESSIVE;
				CLANG_CXX_LANGUAGE_STANDARD = "gnu++20";
				CLANG_ENABLE_MODULES = YES;
				CLANG_ENABLE_OBJC_ARC = YES;
				CLANG_ENABLE_OBJC_WEAK = YES;
				CLANG_WARN_BLOCK_CAPTURE_AUTORELEASING = YES;
				CLANG_WARN_BOOL_CONVERSION = YES;
				CLANG_WARN_COMMA = YES;
				CLANG_WARN_CONSTANT_CONVERSION = YES;
				CLANG_WARN_DEPRECATED_OBJC_IMPLEMENTATIONS = YES;
				CLANG_WARN_DIRECT_OBJC_ISA_USAGE = YES_ERROR;
				CLANG_WARN_DOCUMENTATION_COMMENTS = YES;
				CLANG_WARN_EMPTY_BODY = YES;
				CLANG_WARN_ENUM_CONVERSION = YES;
				CLANG_WARN_INFINITE_RECURSION = YES;
				CLANG_WARN_INT_CONVERSION = YES;
				CLANG_WARN_NON_LITERAL_NULL_CONVERSION = YES;
				CLANG_WARN_OBJC_IMPLICIT_RETAIN_SELF = YES;
				CLANG_WARN_OBJC_LITERAL_CONVERSION = YES;
				CLANG_WARN_OBJC_ROOT_CLASS = YES_ERROR;
				CLANG_WARN_QUOTED_INCLUDE_IN_FRAMEWORK_HEADER = YES;
				CLANG_WARN_RANGE_LOOP_ANALYSIS = YES;
				CLANG_WARN_STRICT_PROTOTYPES = YES;
				CLANG_WARN_SUSPICIOUS_MOVE = YES;
				CLANG_WARN_UNGUARDED_AVAILABILITY = YES_AGGRESSIVE;
				CLANG_WARN_UNREACHABLE_CODE = YES;
				CLANG_WARN__DUPLICATE_METHOD_MATCH = YES;
				COPY_PHASE_STRIP = NO;
				DEBUG_INFORMATION_FORMAT = dwarf;
				ENABLE_STRICT_OBJC_MSGSEND = YES;
				ENABLE_TESTABILITY = YES;
				ENABLE_USER_SCRIPT_SANDBOXING = YES;
				GCC_C_LANGUAGE_STANDARD = gnu17;
				GCC_DYNAMIC_NO_PIC = NO;
				GCC_NO_COMMON_BLOCKS = YES;
				GCC_OPTIMIZATION_LEVEL = 0;
				GCC_PREPROCESSOR_DEFINITIONS = (
					"DEBUG=1",
					"$(inherited)",
				);
				GCC_WARN_64_TO_32_BIT_CONVERSION = YES;
				GCC_WARN_ABOUT_RETURN_TYPE = YES_ERROR;
				GCC_WARN_UNDECLARED_SELECTOR = YES;
				GCC_WARN_UNINITIALIZED_AUTOS = YES_AGGRESSIVE;
				GCC_WARN_UNUSED_FUNCTION = YES;
				GCC_WARN_UNUSED_VARIABLE = YES;
				IPHONEOS_DEPLOYMENT_TARGET = 18.5;
				LOCALIZATION_PREFERS_STRING_CATALOGS = YES;
				MTL_ENABLE_DEBUG_INFO = INCLUDE_SOURCE;
				MTL_FAST_MATH = YES;
				ONLY_ACTIVE_ARCH = YES;
				SDKROOT = iphoneos;
				SWIFT_ACTIVE_COMPILATION_CONDITIONS = "DEBUG $(inherited)";
				SWIFT_OPTIMIZATION_LEVEL = "-Onone";
			};
			name = Debug;
		};
		8D0C24A82EEADADF0090F7C4 /* Release */ = {
			isa = XCBuildConfiguration;
			buildSettings = {
				ALWAYS_SEARCH_USER_PATHS = NO;
				ASSETCATALOG_COMPILER_GENERATE_SWIFT_ASSET_SYMBOL_EXTENSIONS = YES;
				CLANG_ANALYZER_NONNULL = YES;
				CLANG_ANALYZER_NUMBER_OBJECT_CONVERSION = YES_AGGRESSIVE;
				CLANG_CXX_LANGUAGE_STANDARD = "gnu++20";
				CLANG_ENABLE_MODULES = YES;
				CLANG_ENABLE_OBJC_ARC = YES;
				CLANG_ENABLE_OBJC_WEAK = YES;
				CLANG_WARN_BLOCK_CAPTURE_AUTORELEASING = YES;
				CLANG_WARN_BOOL_CONVERSION = YES;
				CLANG_WARN_COMMA = YES;
				CLANG_WARN_CONSTANT_CONVERSION = YES;
				CLANG_WARN_DEPRECATED_OBJC_IMPLEMENTATIONS = YES;
				CLANG_WARN_DIRECT_OBJC_ISA_USAGE = YES_ERROR;
				CLANG_WARN_DOCUMENTATION_COMMENTS = YES;
				CLANG_WARN_EMPTY_BODY = YES;
				CLANG_WARN_ENUM_CONVERSION = YES;
				CLANG_WARN_INFINITE_RECURSION = YES;
				CLANG_WARN_INT_CONVERSION = YES;
				CLANG_WARN_NON_LITERAL_NULL_CONVERSION = YES;
				CLANG_WARN_OBJC_IMPLICIT_RETAIN_SELF = YES;
				CLANG_WARN_OBJC_LITERAL_CONVERSION = YES;
				CLANG_WARN_OBJC_ROOT_CLASS = YES_ERROR;
				CLANG_WARN_QUOTED_INCLUDE_IN_FRAMEWORK_HEADER = YES;
				CLANG_WARN_RANGE_LOOP_ANALYSIS = YES;
				CLANG_WARN_STRICT_PROTOTYPES = YES;
				CLANG_WARN_SUSPICIOUS_MOVE = YES;
				CLANG_WARN_UNGUARDED_AVAILABILITY = YES_AGGRESSIVE;
				CLANG_WARN_UNREACHABLE_CODE = YES;
				CLANG_WARN__DUPLICATE_METHOD_MATCH = YES;
				COPY_PHASE_STRIP = NO;
				DEBUG_INFORMATION_FORMAT = "dwarf-with-dsym";
				ENABLE_NS_ASSERTIONS = NO;
				ENABLE_STRICT_OBJC_MSGSEND = YES;
				ENABLE_USER_SCRIPT_SANDBOXING = YES;
				GCC_C_LANGUAGE_STANDARD = gnu17;
				GCC_NO_COMMON_BLOCKS = YES;
				GCC_WARN_64_TO_32_BIT_CONVERSION = YES;
				GCC_WARN_ABOUT_RETURN_TYPE = YES_ERROR;
				GCC_WARN_UNDECLARED_SELECTOR = YES;
				GCC_WARN_UNINITIALIZED_AUTOS = YES_AGGRESSIVE;
				GCC_WARN_UNUSED_FUNCTION = YES;
				GCC_WARN_UNUSED_VARIABLE = YES;
				IPHONEOS_DEPLOYMENT_TARGET = 18.5;
				LOCALIZATION_PREFERS_STRING_CATALOGS = YES;
				MTL_ENABLE_DEBUG_INFO = NO;
				MTL_FAST_MATH = YES;
				SDKROOT = iphoneos;
				SWIFT_COMPILATION_MODE = wholemodule;
				VALIDATE_PRODUCT = YES;
			};
			name = Release;
		};
		8D0C24AA2EEADADF0090F7C4 /* Debug */ = {
			isa = XCBuildConfiguration;
			buildSettings = {
				ASSETCATALOG_COMPILER_APPICON_NAME = AppIcon;
				ASSETCATALOG_COMPILER_GLOBAL_ACCENT_COLOR_NAME = AccentColor;
				CODE_SIGN_STYLE = Automatic;
				CURRENT_PROJECT_VERSION = 1;
				ENABLE_PREVIEWS = YES;
				GENERATE_INFOPLIST_FILE = YES;
				INFOPLIST_KEY_UIApplicationSceneManifest_Generation = YES;
				INFOPLIST_KEY_UIApplicationSupportsIndirectInputEvents = YES;
				INFOPLIST_KEY_UILaunchScreen_Generation = YES;
				INFOPLIST_KEY_UISupportedInterfaceOrientations_iPad = "UIInterfaceOrientationPortrait UIInterfaceOrientationPortraitUpsideDown UIInterfaceOrientationLandscapeLeft UIInterfaceOrientationLandscapeRight";
				INFOPLIST_KEY_UISupportedInterfaceOrientations_iPhone = "UIInterfaceOrientationPortrait UIInterfaceOrientationLandscapeLeft UIInterfaceOrientationLandscapeRight";
				LD_RUNPATH_SEARCH_PATHS = (
					"$(inherited)",
					"@executable_path/Frameworks",
				);
				MARKETING_VERSION = 1.0;
				PRODUCT_BUNDLE_IDENTIFIER = Nouf.Tamteen;
				PRODUCT_NAME = "$(TARGET_NAME)";
				SWIFT_EMIT_LOC_STRINGS = YES;
				SWIFT_VERSION = 5.0;
				TARGETED_DEVICE_FAMILY = "1,2";
			};
			name = Debug;
		};
		8D0C24AB2EEADADF0090F7C4 /* Release */ = {
			isa = XCBuildConfiguration;
			buildSettings = {
				ASSETCATALOG_COMPILER_APPICON_NAME = AppIcon;
				ASSETCATALOG_COMPILER_GLOBAL_ACCENT_COLOR_NAME = AccentColor;
				CODE_SIGN_STYLE = Automatic;
				CURRENT_PROJECT_VERSION = 1;
				ENABLE_PREVIEWS = YES;
				GENERATE_INFOPLIST_FILE = YES;
				INFOPLIST_KEY_UIApplicationSceneManifest_Generation = YES;
				INFOPLIST_KEY_UIApplicationSupportsIndirectInputEvents = YES;
				INFOPLIST_KEY_UILaunchScreen_Generation = YES;
				INFOPLIST_KEY_UISupportedInterfaceOrientations_iPad = "UIInterfaceOrientationPortrait UIInterfaceOrientationPortraitUpsideDown UIInterfaceOrientationLandscapeLeft UIInterfaceOrientationLandscapeRight";
				INFOPLIST_KEY_UISupportedInterfaceOrientations_iPhone = "UIInterfaceOrientationPortrait UIInterfaceOrientationLandscapeLeft UIInterfaceOrientationLandscapeRight";
				LD_RUNPATH_SEARCH_PATHS = (
					"$(inherited)",
					"@executable_path/Frameworks",
				);
				MARKETING_VERSION = 1.0;
				PRODUCT_BUNDLE_IDENTIFIER = Nouf.Tamteen;
				PRODUCT_NAME = "$(TARGET_NAME)";
				SWIFT_EMIT_LOC_STRINGS = YES;
				SWIFT_VERSION = 5.0;
				TARGETED_DEVICE_FAMILY = "1,2";
			};
			name = Release;
		};
		8D0C24AD2EEADADF0090F7C4 /* Debug */ = {
			isa = XCBuildConfiguration;
			buildSettings = {
				BUNDLE_LOADER = "$(TEST_HOST)";
				CODE_SIGN_STYLE = Automatic;
				CURRENT_PROJECT_VERSION = 1;
				GENERATE_INFOPLIST_FILE = YES;
				IPHONEOS_DEPLOYMENT_TARGET = 18.5;
				MARKETING_VERSION = 1.0;
				PRODUCT_BUNDLE_IDENTIFIER = Nouf.TamteenTests;
				PRODUCT_NAME = "$(TARGET_NAME)";
				SWIFT_EMIT_LOC_STRINGS = NO;
				SWIFT_VERSION = 5.0;
				TARGETED_DEVICE_FAMILY = "1,2";
				TEST_HOST = "$(BUILT_PRODUCTS_DIR)/Tamteen.app/$(BUNDLE_EXECUTABLE_FOLDER_PATH)/Tamteen";
			};
			name = Debug;
		};
		8D0C24AE2EEADADF0090F7C4 /* Release */ = {
			isa = XCBuildConfiguration;
			buildSettings = {
				BUNDLE_LOADER = "$(TEST_HOST)";
				CODE_SIGN_STYLE = Automatic;
				CURRENT_PROJECT_VERSION = 1;
				GENERATE_INFOPLIST_FILE = YES;
				IPHONEOS_DEPLOYMENT_TARGET = 18.5;
				MARKETING_VERSION = 1.0;
				PRODUCT_BUNDLE_IDENTIFIER = Nouf.TamteenTests;
				PRODUCT_NAME = "$(TARGET_NAME)";
				SWIFT_EMIT_LOC_STRINGS = NO;
				SWIFT_VERSION = 5.0;
				TARGETED_DEVICE_FAMILY = "1,2";
				TEST_HOST = "$(BUILT_PRODUCTS_DIR)/Tamteen.app/$(BUNDLE_EXECUTABLE_FOLDER_PATH)/Tamteen";
			};
			name = Release;
		};
		8D0C24B02EEADADF0090F7C4 /* Debug */ = {
			isa = XCBuildConfiguration;
			buildSettings = {
				CODE_SIGN_STYLE = Automatic;
				CURRENT_PROJECT_VERSION = 1;
				GENERATE_INFOPLIST_FILE = YES;
				MARKETING_VERSION = 1.0;
				PRODUCT_BUNDLE_IDENTIFIER = Nouf.TamteenUITests;
				PRODUCT_NAME = "$(TARGET_NAME)";
				SWIFT_EMIT_LOC_STRINGS = NO;
				SWIFT_VERSION = 5.0;
				TARGETED_DEVICE_FAMILY = "1,2";
				TEST_TARGET_NAME = Tamteen;
			};
			name = Debug;
		};
		8D0C24B12EEADADF0090F7C4 /* Release */ = {
			isa = XCBuildConfiguration;
			buildSettings = {
				CODE_SIGN_STYLE = Automatic;
				CURRENT_PROJECT_VERSION = 1;
				GENERATE_INFOPLIST_FILE = YES;
				MARKETING_VERSION = 1.0;
				PRODUCT_BUNDLE_IDENTIFIER = Nouf.TamteenUITests;
				PRODUCT_NAME = "$(TARGET_NAME)";
				SWIFT_EMIT_LOC_STRINGS = NO;
				SWIFT_VERSION = 5.0;
				TARGETED_DEVICE_FAMILY = "1,2";
				TEST_TARGET_NAME = Tamteen;
			};
			name = Release;
		};
/* End XCBuildConfiguration section */

/* Begin XCConfigurationList section */
		8D0C24832EEADADE0090F7C4 /* Build configuration list for PBXProject "Tamteen" */ = {
			isa = XCConfigurationList;
			buildConfigurations = (
				8D0C24A72EEADADF0090F7C4 /* Debug */,
				8D0C24A82EEADADF0090F7C4 /* Release */,
			);
			defaultConfigurationIsVisible = 0;
			defaultConfigurationName = Release;
		};
		8D0C24A92EEADADF0090F7C4 /* Build configuration list for PBXNativeTarget "Tamteen" */ = {
			isa = XCConfigurationList;
			buildConfigurations = (
				8D0C24AA2EEADADF0090F7C4 /* Debug */,
				8D0C24AB2EEADADF0090F7C4 /* Release */,
			);
			defaultConfigurationIsVisible = 0;
			defaultConfigurationName = Release;
		};
		8D0C24AC2EEADADF0090F7C4 /* Build configuration list for PBXNativeTarget "TamteenTests" */ = {
			isa = XCConfigurationList;
			buildConfigurations = (
				8D0C24AD2EEADADF0090F7C4 /* Debug */,
				8D0C24AE2EEADADF0090F7C4 /* Release */,
			);
			defaultConfigurationIsVisible = 0;
			defaultConfigurationName = Release;
		};
		8D0C24AF2EEADADF0090F7C4 /* Build configuration list for PBXNativeTarget "TamteenUITests" */ = {
			isa = XCConfigurationList;
			buildConfigurations = (
				8D0C24B02EEADADF0090F7C4 /* Debug */,
				8D0C24B12EEADADF0090F7C4 /* Release */,
			);
			defaultConfigurationIsVisible = 0;
			defaultConfigurationName = Release;
		};
/* End XCConfigurationList section */
	};
	rootObject = 8D0C24802EEADADE0090F7C4 /* Project object */;
}
